
Microsoft Visual Studio Solution File, Format Version 12.00
# Visual Studio 15
VisualStudioVersion = 15.0.27428.2011
MinimumVisualStudioVersion = 10.0.40219.1
Project("{FAE04EC0-301F-11D3-BF4B-00C04F79EFBC}") = "NeedForSpeed_Jul2017", "NeedForSpeed_Jul2017.csproj", "{E01AD146-37FA-4DA3-BE4D-F5E4F3863081}"
EndProject
Global
	GlobalSection(SolutionConfigurationPlatforms) = preSolution
		Debug|Any CPU = Debug|Any CPU
		Release|Any CPU = Release|Any CPU
	EndGlobalSection
	GlobalSection(ProjectConfigurationPlatforms) = postSolution
		{E01AD146-37FA-4DA3-BE4D-F5E4F3863081}.Debug|Any CPU.ActiveCfg = Debug|Any CPU
		{E01AD146-37FA-4DA3-BE4D-F5E4F3863081}.Debug|Any CPU.Build.0 = Debug|Any CPU
		{E01AD146-37FA-4DA3-BE4D-F5E4F3863081}.Release|Any CPU.ActiveCfg = Release|Any CPU
		{E01AD146-37FA-4DA3-BE4D-F5E4F3863081}.Release|Any CPU.Build.0 = Release|Any CPU
	EndGlobalSection
	GlobalSection(SolutionProperties) = preSolution
		HideSolutionNode = FALSE
	EndGlobalSection
	GlobalSection(ExtensibilityGlobals) = postSolution
		SolutionGuid = {F0069F90-4FE9-4684-8740-82CB209FB727}
	EndGlobalSection
EndGlobal
