
Microsoft Visual Studio Solution File, Format Version 12.00
# Visual Studio 15
VisualStudioVersion = 15.0.27428.2011
MinimumVisualStudioVersion = 10.0.40219.1
Project("{FAE04EC0-301F-11D3-BF4B-00C04F79EFBC}") = "Avatar", "Avatar.csproj", "{A777BACA-2FF1-48BD-9FB7-02EB4305AC8D}"
EndProject
Global
	GlobalSection(SolutionConfigurationPlatforms) = preSolution
		Debug|Any CPU = Debug|Any CPU
		Release|Any CPU = Release|Any CPU
	EndGlobalSection
	GlobalSection(ProjectConfigurationPlatforms) = postSolution
		{A777BACA-2FF1-48BD-9FB7-02EB4305AC8D}.Debug|Any CPU.ActiveCfg = Debug|Any CPU
		{A777BACA-2FF1-48BD-9FB7-02EB4305AC8D}.Debug|Any CPU.Build.0 = Debug|Any CPU
		{A777BACA-2FF1-48BD-9FB7-02EB4305AC8D}.Release|Any CPU.ActiveCfg = Release|Any CPU
		{A777BACA-2FF1-48BD-9FB7-02EB4305AC8D}.Release|Any CPU.Build.0 = Release|Any CPU
	EndGlobalSection
	GlobalSection(SolutionProperties) = preSolution
		HideSolutionNode = FALSE
	EndGlobalSection
	GlobalSection(ExtensibilityGlobals) = postSolution
		SolutionGuid = {8B6F0267-9322-4C57-B759-37EC704A8D08}
	EndGlobalSection
EndGlobal
